// !$*UTF8*$!
{
	archiveVersion = 1;
	classes = {
	};
	objectVersion = 46;
	objects = {

/* Begin PBXBuildFile section */
		0E8BF2E7A0549AFC45BC2700 /* Pods_Weathous_WeathousUITests.framework in Frameworks */ = {isa = PBXBuildFile; fileRef = 1ED080A445DB33C3E5376DED /* Pods_Weathous_WeathousUITests.framework */; };
		5856A7F91E6081C5008250A6 /* Constants.swift in Sources */ = {isa = PBXBuildFile; fileRef = 5856A7F81E6081C5008250A6 /* Constants.swift */; };
		5856A7FB1E608540008250A6 /* CurrentWeather.swift in Sources */ = {isa = PBXBuildFile; fileRef = 5856A7FA1E608540008250A6 /* CurrentWeather.swift */; };
		5856A7FD1E609BDC008250A6 /* Location.swift in Sources */ = {isa = PBXBuildFile; fileRef = 5856A7FC1E609BDC008250A6 /* Location.swift */; };
		5856A7FF1E60C58E008250A6 /* Forecast.swift in Sources */ = {isa = PBXBuildFile; fileRef = 5856A7FE1E60C58E008250A6 /* Forecast.swift */; };
		5856A8031E60CB79008250A6 /* WeatherCell.swift in Sources */ = {isa = PBXBuildFile; fileRef = 5856A8021E60CB79008250A6 /* WeatherCell.swift */; };
		58D6CE951E5A1CFE00BF95DD /* AppDelegate.swift in Sources */ = {isa = PBXBuildFile; fileRef = 58D6CE941E5A1CFE00BF95DD /* AppDelegate.swift */; };
		58D6CE971E5A1CFE00BF95DD /* MainWeather.swift in Sources */ = {isa = PBXBuildFile; fileRef = 58D6CE961E5A1CFE00BF95DD /* MainWeather.swift */; };
		58D6CE9A1E5A1CFE00BF95DD /* Main.storyboard in Resources */ = {isa = PBXBuildFile; fileRef = 58D6CE981E5A1CFE00BF95DD /* Main.storyboard */; };
		58D6CE9C1E5A1CFE00BF95DD /* Assets.xcassets in Resources */ = {isa = PBXBuildFile; fileRef = 58D6CE9B1E5A1CFE00BF95DD /* Assets.xcassets */; };
		58D6CE9F1E5A1CFE00BF95DD /* LaunchScreen.storyboard in Resources */ = {isa = PBXBuildFile; fileRef = 58D6CE9D1E5A1CFE00BF95DD /* LaunchScreen.storyboard */; };
		58D6CEAA1E5A1CFE00BF95DD /* WeathousTests.swift in Sources */ = {isa = PBXBuildFile; fileRef = 58D6CEA91E5A1CFE00BF95DD /* WeathousTests.swift */; };
		58D6CEB51E5A1CFE00BF95DD /* WeathousUITests.swift in Sources */ = {isa = PBXBuildFile; fileRef = 58D6CEB41E5A1CFE00BF95DD /* WeathousUITests.swift */; };
		83BB70A6D1B21F963691795A /* Pods_Weathous_WeathousTests.framework in Frameworks */ = {isa = PBXBuildFile; fileRef = 9CE505AE741683667A35357F /* Pods_Weathous_WeathousTests.framework */; };
		849D85924B869AF4B0268E1F /* Pods_WeathousTests.framework in Frameworks */ = {isa = PBXBuildFile; fileRef = 650D621782AE4813EA7AD15E /* Pods_WeathousTests.framework */; };
		C21E71D99698ED387E291ED1 /* Pods_Weathous.framework in Frameworks */ = {isa = PBXBuildFile; fileRef = 3BF462448366B25F66B6E6A2 /* Pods_Weathous.framework */; };
		F5F79B3FA45F287C2305F6BE /* Pods_WeathousUITests.framework in Frameworks */ = {isa = PBXBuildFile; fileRef = F491B9B4048CD38BC2543C7D /* Pods_WeathousUITests.framework */; };
/* End PBXBuildFile section */

/* Begin PBXContainerItemProxy section */
		58D6CEA61E5A1CFE00BF95DD /* PBXContainerItemProxy */ = {
			isa = PBXContainerItemProxy;
			containerPortal = 58D6CE891E5A1CFD00BF95DD /* Project object */;
			proxyType = 1;
			remoteGlobalIDString = 58D6CE901E5A1CFD00BF95DD;
			remoteInfo = Weathous;
		};
		58D6CEB11E5A1CFE00BF95DD /* PBXContainerItemProxy */ = {
			isa = PBXContainerItemProxy;
			containerPortal = 58D6CE891E5A1CFD00BF95DD /* Project object */;
			proxyType = 1;
			remoteGlobalIDString = 58D6CE901E5A1CFD00BF95DD;
			remoteInfo = Weathous;
		};
/* End PBXContainerItemProxy section */

/* Begin PBXFileReference section */
		04AE1DBF75EE1BB35A5EE1E0 /* Pods-WeathousTests.debug.xcconfig */ = {isa = PBXFileReference; includeInIndex = 1; lastKnownFileType = text.xcconfig; name = "Pods-WeathousTests.debug.xcconfig"; path = "Pods/Target Support Files/Pods-WeathousTests/Pods-WeathousTests.debug.xcconfig"; sourceTree = "<group>"; };
		108FE8164784880E0D1A3466 /* Pods-Weathous-WeathousUITests.release.xcconfig */ = {isa = PBXFileReference; includeInIndex = 1; lastKnownFileType = text.xcconfig; name = "Pods-Weathous-WeathousUITests.release.xcconfig"; path = "Pods/Target Support Files/Pods-Weathous-WeathousUITests/Pods-Weathous-WeathousUITests.release.xcconfig"; sourceTree = "<group>"; };
		1ED080A445DB33C3E5376DED /* Pods_Weathous_WeathousUITests.framework */ = {isa = PBXFileReference; explicitFileType = wrapper.framework; includeInIndex = 0; path = Pods_Weathous_WeathousUITests.framework; sourceTree = BUILT_PRODUCTS_DIR; };
		3BF462448366B25F66B6E6A2 /* Pods_Weathous.framework */ = {isa = PBXFileReference; explicitFileType = wrapper.framework; includeInIndex = 0; path = Pods_Weathous.framework; sourceTree = BUILT_PRODUCTS_DIR; };
		45B4CE4E7E4C0273DF44D788 /* Pods-Weathous.release.xcconfig */ = {isa = PBXFileReference; includeInIndex = 1; lastKnownFileType = text.xcconfig; name = "Pods-Weathous.release.xcconfig"; path = "Pods/Target Support Files/Pods-Weathous/Pods-Weathous.release.xcconfig"; sourceTree = "<group>"; };
		49C37193997AC99FDF4824C1 /* Pods-WeathousTests.release.xcconfig */ = {isa = PBXFileReference; includeInIndex = 1; lastKnownFileType = text.xcconfig; name = "Pods-WeathousTests.release.xcconfig"; path = "Pods/Target Support Files/Pods-WeathousTests/Pods-WeathousTests.release.xcconfig"; sourceTree = "<group>"; };
		5856A7F81E6081C5008250A6 /* Constants.swift */ = {isa = PBXFileReference; fileEncoding = 4; lastKnownFileType = sourcecode.swift; path = Constants.swift; sourceTree = "<group>"; };
		5856A7FA1E608540008250A6 /* CurrentWeather.swift */ = {isa = PBXFileReference; fileEncoding = 4; lastKnownFileType = sourcecode.swift; path = CurrentWeather.swift; sourceTree = "<group>"; };
		5856A7FC1E609BDC008250A6 /* Location.swift */ = {isa = PBXFileReference; fileEncoding = 4; lastKnownFileType = sourcecode.swift; path = Location.swift; sourceTree = "<group>"; };
		5856A7FE1E60C58E008250A6 /* Forecast.swift */ = {isa = PBXFileReference; fileEncoding = 4; lastKnownFileType = sourcecode.swift; path = Forecast.swift; sourceTree = "<group>"; };
		5856A8021E60CB79008250A6 /* WeatherCell.swift */ = {isa = PBXFileReference; fileEncoding = 4; lastKnownFileType = sourcecode.swift; path = WeatherCell.swift; sourceTree = "<group>"; };
		58D6CE911E5A1CFD00BF95DD /* Weathous.app */ = {isa = PBXFileReference; explicitFileType = wrapper.application; includeInIndex = 0; path = Weathous.app; sourceTree = BUILT_PRODUCTS_DIR; };
		58D6CE941E5A1CFE00BF95DD /* AppDelegate.swift */ = {isa = PBXFileReference; lastKnownFileType = sourcecode.swift; path = AppDelegate.swift; sourceTree = "<group>"; };
		58D6CE961E5A1CFE00BF95DD /* MainWeather.swift */ = {isa = PBXFileReference; lastKnownFileType = sourcecode.swift; path = MainWeather.swift; sourceTree = "<group>"; };
		58D6CE991E5A1CFE00BF95DD /* Base */ = {isa = PBXFileReference; lastKnownFileType = file.storyboard; name = Base; path = Base.lproj/Main.storyboard; sourceTree = "<group>"; };
		58D6CE9B1E5A1CFE00BF95DD /* Assets.xcassets */ = {isa = PBXFileReference; lastKnownFileType = folder.assetcatalog; path = Assets.xcassets; sourceTree = "<group>"; };
		58D6CE9E1E5A1CFE00BF95DD /* Base */ = {isa = PBXFileReference; lastKnownFileType = file.storyboard; name = Base; path = Base.lproj/LaunchScreen.storyboard; sourceTree = "<group>"; };
		58D6CEA01E5A1CFE00BF95DD /* Info.plist */ = {isa = PBXFileReference; lastKnownFileType = text.plist.xml; path = Info.plist; sourceTree = "<group>"; };
		58D6CEA51E5A1CFE00BF95DD /* WeathousTests.xctest */ = {isa = PBXFileReference; explicitFileType = wrapper.cfbundle; includeInIndex = 0; path = WeathousTests.xctest; sourceTree = BUILT_PRODUCTS_DIR; };
		58D6CEA91E5A1CFE00BF95DD /* WeathousTests.swift */ = {isa = PBXFileReference; lastKnownFileType = sourcecode.swift; path = WeathousTests.swift; sourceTree = "<group>"; };
		58D6CEAB1E5A1CFE00BF95DD /* Info.plist */ = {isa = PBXFileReference; lastKnownFileType = text.plist.xml; path = Info.plist; sourceTree = "<group>"; };
		58D6CEB01E5A1CFE00BF95DD /* WeathousUITests.xctest */ = {isa = PBXFileReference; explicitFileType = wrapper.cfbundle; includeInIndex = 0; path = WeathousUITests.xctest; sourceTree = BUILT_PRODUCTS_DIR; };
		58D6CEB41E5A1CFE00BF95DD /* WeathousUITests.swift */ = {isa = PBXFileReference; lastKnownFileType = sourcecode.swift; path = WeathousUITests.swift; sourceTree = "<group>"; };
		58D6CEB61E5A1CFE00BF95DD /* Info.plist */ = {isa = PBXFileReference; lastKnownFileType = text.plist.xml; path = Info.plist; sourceTree = "<group>"; };
		5F31898678282921E57741D7 /* Pods-WeathousUITests.release.xcconfig */ = {isa = PBXFileReference; includeInIndex = 1; lastKnownFileType = text.xcconfig; name = "Pods-WeathousUITests.release.xcconfig"; path = "Pods/Target Support Files/Pods-WeathousUITests/Pods-WeathousUITests.release.xcconfig"; sourceTree = "<group>"; };
		650D621782AE4813EA7AD15E /* Pods_WeathousTests.framework */ = {isa = PBXFileReference; explicitFileType = wrapper.framework; includeInIndex = 0; path = Pods_WeathousTests.framework; sourceTree = BUILT_PRODUCTS_DIR; };
		8E639E3CA7C5177C130ADB4B /* Pods-Weathous-WeathousUITests.debug.xcconfig */ = {isa = PBXFileReference; includeInIndex = 1; lastKnownFileType = text.xcconfig; name = "Pods-Weathous-WeathousUITests.debug.xcconfig"; path = "Pods/Target Support Files/Pods-Weathous-WeathousUITests/Pods-Weathous-WeathousUITests.debug.xcconfig"; sourceTree = "<group>"; };
		9CE505AE741683667A35357F /* Pods_Weathous_WeathousTests.framework */ = {isa = PBXFileReference; explicitFileType = wrapper.framework; includeInIndex = 0; path = Pods_Weathous_WeathousTests.framework; sourceTree = BUILT_PRODUCTS_DIR; };
		A4ED7A45F445FC1B397B39FD /* Pods-WeathousUITests.debug.xcconfig */ = {isa = PBXFileReference; includeInIndex = 1; lastKnownFileType = text.xcconfig; name = "Pods-WeathousUITests.debug.xcconfig"; path = "Pods/Target Support Files/Pods-WeathousUITests/Pods-WeathousUITests.debug.xcconfig"; sourceTree = "<group>"; };
		A534B20B414920E741BE5136 /* Pods-Weathous-WeathousTests.debug.xcconfig */ = {isa = PBXFileReference; includeInIndex = 1; lastKnownFileType = text.xcconfig; name = "Pods-Weathous-WeathousTests.debug.xcconfig"; path = "Pods/Target Support Files/Pods-Weathous-WeathousTests/Pods-Weathous-WeathousTests.debug.xcconfig"; sourceTree = "<group>"; };
		AB86F3EA85C91370960DA2A0 /* Pods-Weathous-WeathousTests.release.xcconfig */ = {isa = PBXFileReference; includeInIndex = 1; lastKnownFileType = text.xcconfig; name = "Pods-Weathous-WeathousTests.release.xcconfig"; path = "Pods/Target Support Files/Pods-Weathous-WeathousTests/Pods-Weathous-WeathousTests.release.xcconfig"; sourceTree = "<group>"; };
		BBDD097AFD4B9FFC6186CCAE /* Pods-Weathous.debug.xcconfig */ = {isa = PBXFileReference; includeInIndex = 1; lastKnownFileType = text.xcconfig; name = "Pods-Weathous.debug.xcconfig"; path = "Pods/Target Support Files/Pods-Weathous/Pods-Weathous.debug.xcconfig"; sourceTree = "<group>"; };
		F491B9B4048CD38BC2543C7D /* Pods_WeathousUITests.framework */ = {isa = PBXFileReference; explicitFileType = wrapper.framework; includeInIndex = 0; path = Pods_WeathousUITests.framework; sourceTree = BUILT_PRODUCTS_DIR; };
/* End PBXFileReference section */

/* Begin PBXFrameworksBuildPhase section */
		58D6CE8E1E5A1CFD00BF95DD /* Frameworks */ = {
			isa = PBXFrameworksBuildPhase;
			buildActionMask = 2147483647;
			files = (
				C21E71D99698ED387E291ED1 /* Pods_Weathous.framework in Frameworks */,
			);
			runOnlyForDeploymentPostprocessing = 0;
		};
		58D6CEA21E5A1CFE00BF95DD /* Frameworks */ = {
			isa = PBXFrameworksBuildPhase;
			buildActionMask = 2147483647;
			files = (
				849D85924B869AF4B0268E1F /* Pods_WeathousTests.framework in Frameworks */,
				83BB70A6D1B21F963691795A /* Pods_Weathous_WeathousTests.framework in Frameworks */,
			);
			runOnlyForDeploymentPostprocessing = 0;
		};
		58D6CEAD1E5A1CFE00BF95DD /* Frameworks */ = {
			isa = PBXFrameworksBuildPhase;
			buildActionMask = 2147483647;
			files = (
				F5F79B3FA45F287C2305F6BE /* Pods_WeathousUITests.framework in Frameworks */,
				0E8BF2E7A0549AFC45BC2700 /* Pods_Weathous_WeathousUITests.framework in Frameworks */,
			);
			runOnlyForDeploymentPostprocessing = 0;
		};
/* End PBXFrameworksBuildPhase section */

/* Begin PBXGroup section */
		58D6CE881E5A1CFD00BF95DD = {
			isa = PBXGroup;
			children = (
				58D6CE931E5A1CFD00BF95DD /* Weathous */,
				58D6CEA81E5A1CFE00BF95DD /* WeathousTests */,
				58D6CEB31E5A1CFE00BF95DD /* WeathousUITests */,
				58D6CE921E5A1CFD00BF95DD /* Products */,
				7AD4A50CBAA5FA5F4EDC1988 /* Pods */,
				D33FB85E3C2821C321E67036 /* Frameworks */,
			);
			sourceTree = "<group>";
		};
		58D6CE921E5A1CFD00BF95DD /* Products */ = {
			isa = PBXGroup;
			children = (
				58D6CE911E5A1CFD00BF95DD /* Weathous.app */,
				58D6CEA51E5A1CFE00BF95DD /* WeathousTests.xctest */,
				58D6CEB01E5A1CFE00BF95DD /* WeathousUITests.xctest */,
			);
			name = Products;
			sourceTree = "<group>";
		};
		58D6CE931E5A1CFD00BF95DD /* Weathous */ = {
			isa = PBXGroup;
			children = (
				58D6CEC21E5A1EF300BF95DD /* Model */,
				58D6CEC31E5A1EF900BF95DD /* View */,
				58D6CEC41E5A1EFD00BF95DD /* Controller */,
				58D6CE941E5A1CFE00BF95DD /* AppDelegate.swift */,
				5856A7FA1E608540008250A6 /* CurrentWeather.swift */,
				58D6CE981E5A1CFE00BF95DD /* Main.storyboard */,
				5856A8021E60CB79008250A6 /* WeatherCell.swift */,
				58D6CE9B1E5A1CFE00BF95DD /* Assets.xcassets */,
				58D6CE9D1E5A1CFE00BF95DD /* LaunchScreen.storyboard */,
				58D6CEA01E5A1CFE00BF95DD /* Info.plist */,
			);
			path = Weathous;
			sourceTree = "<group>";
		};
		58D6CEA81E5A1CFE00BF95DD /* WeathousTests */ = {
			isa = PBXGroup;
			children = (
				58D6CEA91E5A1CFE00BF95DD /* WeathousTests.swift */,
				58D6CEAB1E5A1CFE00BF95DD /* Info.plist */,
			);
			path = WeathousTests;
			sourceTree = "<group>";
		};
		58D6CEB31E5A1CFE00BF95DD /* WeathousUITests */ = {
			isa = PBXGroup;
			children = (
				58D6CEB41E5A1CFE00BF95DD /* WeathousUITests.swift */,
				58D6CEB61E5A1CFE00BF95DD /* Info.plist */,
			);
			path = WeathousUITests;
			sourceTree = "<group>";
		};
		58D6CEC21E5A1EF300BF95DD /* Model */ = {
			isa = PBXGroup;
			children = (
				5856A7F81E6081C5008250A6 /* Constants.swift */,
				5856A7FC1E609BDC008250A6 /* Location.swift */,
				5856A7FE1E60C58E008250A6 /* Forecast.swift */,
			);
			name = Model;
			sourceTree = "<group>";
		};
		58D6CEC31E5A1EF900BF95DD /* View */ = {
			isa = PBXGroup;
			children = (
			);
			name = View;
			sourceTree = "<group>";
		};
		58D6CEC41E5A1EFD00BF95DD /* Controller */ = {
			isa = PBXGroup;
			children = (
				58D6CE961E5A1CFE00BF95DD /* MainWeather.swift */,
			);
			name = Controller;
			sourceTree = "<group>";
		};
		7AD4A50CBAA5FA5F4EDC1988 /* Pods */ = {
			isa = PBXGroup;
			children = (
				BBDD097AFD4B9FFC6186CCAE /* Pods-Weathous.debug.xcconfig */,
				45B4CE4E7E4C0273DF44D788 /* Pods-Weathous.release.xcconfig */,
				04AE1DBF75EE1BB35A5EE1E0 /* Pods-WeathousTests.debug.xcconfig */,
				49C37193997AC99FDF4824C1 /* Pods-WeathousTests.release.xcconfig */,
				A4ED7A45F445FC1B397B39FD /* Pods-WeathousUITests.debug.xcconfig */,
				5F31898678282921E57741D7 /* Pods-WeathousUITests.release.xcconfig */,
				A534B20B414920E741BE5136 /* Pods-Weathous-WeathousTests.debug.xcconfig */,
				AB86F3EA85C91370960DA2A0 /* Pods-Weathous-WeathousTests.release.xcconfig */,
				8E639E3CA7C5177C130ADB4B /* Pods-Weathous-WeathousUITests.debug.xcconfig */,
				108FE8164784880E0D1A3466 /* Pods-Weathous-WeathousUITests.release.xcconfig */,
			);
			name = Pods;
			sourceTree = "<group>";
		};
		D33FB85E3C2821C321E67036 /* Frameworks */ = {
			isa = PBXGroup;
			children = (
				3BF462448366B25F66B6E6A2 /* Pods_Weathous.framework */,
				650D621782AE4813EA7AD15E /* Pods_WeathousTests.framework */,
				F491B9B4048CD38BC2543C7D /* Pods_WeathousUITests.framework */,
				9CE505AE741683667A35357F /* Pods_Weathous_WeathousTests.framework */,
				1ED080A445DB33C3E5376DED /* Pods_Weathous_WeathousUITests.framework */,
			);
			name = Frameworks;
			sourceTree = "<group>";
		};
/* End PBXGroup section */

/* Begin PBXNativeTarget section */
		58D6CE901E5A1CFD00BF95DD /* Weathous */ = {
			isa = PBXNativeTarget;
			buildConfigurationList = 58D6CEB91E5A1CFE00BF95DD /* Build configuration list for PBXNativeTarget "Weathous" */;
			buildPhases = (
				D90E9854B1D8172DCEF894DF /* [CP] Check Pods Manifest.lock */,
				58D6CE8D1E5A1CFD00BF95DD /* Sources */,
				58D6CE8E1E5A1CFD00BF95DD /* Frameworks */,
				58D6CE8F1E5A1CFD00BF95DD /* Resources */,
				AF5CFE6B337C1E244764FEA3 /* [CP] Embed Pods Frameworks */,
				C25D4058607034E888A9F608 /* [CP] Copy Pods Resources */,
			);
			buildRules = (
			);
			dependencies = (
			);
			name = Weathous;
			productName = Weathous;
			productReference = 58D6CE911E5A1CFD00BF95DD /* Weathous.app */;
			productType = "com.apple.product-type.application";
		};
		58D6CEA41E5A1CFE00BF95DD /* WeathousTests */ = {
			isa = PBXNativeTarget;
			buildConfigurationList = 58D6CEBC1E5A1CFE00BF95DD /* Build configuration list for PBXNativeTarget "WeathousTests" */;
			buildPhases = (
				89C7E5CA95586A9967ECA6B5 /* [CP] Check Pods Manifest.lock */,
				58D6CEA11E5A1CFE00BF95DD /* Sources */,
				58D6CEA21E5A1CFE00BF95DD /* Frameworks */,
				58D6CEA31E5A1CFE00BF95DD /* Resources */,
				60B88B49D214B681526CE899 /* [CP] Embed Pods Frameworks */,
				14AB4307F1680028CC8ABAF1 /* [CP] Copy Pods Resources */,
			);
			buildRules = (
			);
			dependencies = (
				58D6CEA71E5A1CFE00BF95DD /* PBXTargetDependency */,
			);
			name = WeathousTests;
			productName = WeathousTests;
			productReference = 58D6CEA51E5A1CFE00BF95DD /* WeathousTests.xctest */;
			productType = "com.apple.product-type.bundle.unit-test";
		};
		58D6CEAF1E5A1CFE00BF95DD /* WeathousUITests */ = {
			isa = PBXNativeTarget;
			buildConfigurationList = 58D6CEBF1E5A1CFE00BF95DD /* Build configuration list for PBXNativeTarget "WeathousUITests" */;
			buildPhases = (
				FF7AB07783BBCA9A3B08F888 /* [CP] Check Pods Manifest.lock */,
				58D6CEAC1E5A1CFE00BF95DD /* Sources */,
				58D6CEAD1E5A1CFE00BF95DD /* Frameworks */,
				58D6CEAE1E5A1CFE00BF95DD /* Resources */,
				6649F4DA0FE66851BB1A67BD /* [CP] Embed Pods Frameworks */,
				AE162AD08CFB741DB246E952 /* [CP] Copy Pods Resources */,
			);
			buildRules = (
			);
			dependencies = (
				58D6CEB21E5A1CFE00BF95DD /* PBXTargetDependency */,
			);
			name = WeathousUITests;
			productName = WeathousUITests;
			productReference = 58D6CEB01E5A1CFE00BF95DD /* WeathousUITests.xctest */;
			productType = "com.apple.product-type.bundle.ui-testing";
		};
/* End PBXNativeTarget section */

/* Begin PBXProject section */
		58D6CE891E5A1CFD00BF95DD /* Project object */ = {
			isa = PBXProject;
			attributes = {
				LastSwiftUpdateCheck = 0820;
				LastUpgradeCheck = 0820;
				ORGANIZATIONNAME = CWJ;
				TargetAttributes = {
					58D6CE901E5A1CFD00BF95DD = {
						CreatedOnToolsVersion = 8.2.1;
						DevelopmentTeam = W66XK9FLV2;
						ProvisioningStyle = Automatic;
					};
					58D6CEA41E5A1CFE00BF95DD = {
						CreatedOnToolsVersion = 8.2.1;
						DevelopmentTeam = W66XK9FLV2;
						ProvisioningStyle = Automatic;
						TestTargetID = 58D6CE901E5A1CFD00BF95DD;
					};
					58D6CEAF1E5A1CFE00BF95DD = {
						CreatedOnToolsVersion = 8.2.1;
						DevelopmentTeam = W66XK9FLV2;
						ProvisioningStyle = Automatic;
						TestTargetID = 58D6CE901E5A1CFD00BF95DD;
					};
				};
			};
			buildConfigurationList = 58D6CE8C1E5A1CFD00BF95DD /* Build configuration list for PBXProject "Weathous" */;
			compatibilityVersion = "Xcode 3.2";
			developmentRegion = English;
			hasScannedForEncodings = 0;
			knownRegions = (
				en,
				Base,
			);
			mainGroup = 58D6CE881E5A1CFD00BF95DD;
			productRefGroup = 58D6CE921E5A1CFD00BF95DD /* Products */;
			projectDirPath = "";
			projectRoot = "";
			targets = (
				58D6CE901E5A1CFD00BF95DD /* Weathous */,
				58D6CEA41E5A1CFE00BF95DD /* WeathousTests */,
				58D6CEAF1E5A1CFE00BF95DD /* WeathousUITests */,
			);
		};
/* End PBXProject section */

/* Begin PBXResourcesBuildPhase section */
		58D6CE8F1E5A1CFD00BF95DD /* Resources */ = {
			isa = PBXResourcesBuildPhase;
			buildActionMask = 2147483647;
			files = (
				58D6CE9F1E5A1CFE00BF95DD /* LaunchScreen.storyboard in Resources */,
				58D6CE9C1E5A1CFE00BF95DD /* Assets.xcassets in Resources */,
				58D6CE9A1E5A1CFE00BF95DD /* Main.storyboard in Resources */,
			);
			runOnlyForDeploymentPostprocessing = 0;
		};
		58D6CEA31E5A1CFE00BF95DD /* Resources */ = {
			isa = PBXResourcesBuildPhase;
			buildActionMask = 2147483647;
			files = (
			);
			runOnlyForDeploymentPostprocessing = 0;
		};
		58D6CEAE1E5A1CFE00BF95DD /* Resources */ = {
			isa = PBXResourcesBuildPhase;
			buildActionMask = 2147483647;
			files = (
			);
			runOnlyForDeploymentPostprocessing = 0;
		};
/* End PBXResourcesBuildPhase section */

/* Begin PBXShellScriptBuildPhase section */
		14AB4307F1680028CC8ABAF1 /* [CP] Copy Pods Resources */ = {
			isa = PBXShellScriptBuildPhase;
			buildActionMask = 2147483647;
			files = (
			);
			inputPaths = (
			);
			name = "[CP] Copy Pods Resources";
			outputPaths = (
			);
			runOnlyForDeploymentPostprocessing = 0;
			shellPath = /bin/sh;
			shellScript = "\"${SRCROOT}/Pods/Target Support Files/Pods-Weathous-WeathousTests/Pods-Weathous-WeathousTests-resources.sh\"\n";
			showEnvVarsInLog = 0;
		};
		60B88B49D214B681526CE899 /* [CP] Embed Pods Frameworks */ = {
			isa = PBXShellScriptBuildPhase;
			buildActionMask = 2147483647;
			files = (
			);
			inputPaths = (
			);
			name = "[CP] Embed Pods Frameworks";
			outputPaths = (
			);
			runOnlyForDeploymentPostprocessing = 0;
			shellPath = /bin/sh;
			shellScript = "\"${SRCROOT}/Pods/Target Support Files/Pods-Weathous-WeathousTests/Pods-Weathous-WeathousTests-frameworks.sh\"\n";
			showEnvVarsInLog = 0;
		};
		6649F4DA0FE66851BB1A67BD /* [CP] Embed Pods Frameworks */ = {
			isa = PBXShellScriptBuildPhase;
			buildActionMask = 2147483647;
			files = (
			);
			inputPaths = (
			);
			name = "[CP] Embed Pods Frameworks";
			outputPaths = (
			);
			runOnlyForDeploymentPostprocessing = 0;
			shellPath = /bin/sh;
			shellScript = "\"${SRCROOT}/Pods/Target Support Files/Pods-Weathous-WeathousUITests/Pods-Weathous-WeathousUITests-frameworks.sh\"\n";
			showEnvVarsInLog = 0;
		};
		89C7E5CA95586A9967ECA6B5 /* [CP] Check Pods Manifest.lock */ = {
			isa = PBXShellScriptBuildPhase;
			buildActionMask = 2147483647;
			files = (
			);
			inputPaths = (
			);
			name = "[CP] Check Pods Manifest.lock";
			outputPaths = (
			);
			runOnlyForDeploymentPostprocessing = 0;
			shellPath = /bin/sh;
			shellScript = "diff \"${PODS_ROOT}/../Podfile.lock\" \"${PODS_ROOT}/Manifest.lock\" > /dev/null\nif [ $? != 0 ] ; then\n    # print error to STDERR\n    echo \"error: The sandbox is not in sync with the Podfile.lock. Run 'pod install' or update your CocoaPods installation.\" >&2\n    exit 1\nfi\n";
			showEnvVarsInLog = 0;
		};
		AE162AD08CFB741DB246E952 /* [CP] Copy Pods Resources */ = {
			isa = PBXShellScriptBuildPhase;
			buildActionMask = 2147483647;
			files = (
			);
			inputPaths = (
			);
			name = "[CP] Copy Pods Resources";
			outputPaths = (
			);
			runOnlyForDeploymentPostprocessing = 0;
			shellPath = /bin/sh;
			shellScript = "\"${SRCROOT}/Pods/Target Support Files/Pods-Weathous-WeathousUITests/Pods-Weathous-WeathousUITests-resources.sh\"\n";
			showEnvVarsInLog = 0;
		};
		AF5CFE6B337C1E244764FEA3 /* [CP] Embed Pods Frameworks */ = {
			isa = PBXShellScriptBuildPhase;
			buildActionMask = 2147483647;
			files = (
			);
			inputPaths = (
			);
			name = "[CP] Embed Pods Frameworks";
			outputPaths = (
			);
			runOnlyForDeploymentPostprocessing = 0;
			shellPath = /bin/sh;
			shellScript = "\"${SRCROOT}/Pods/Target Support Files/Pods-Weathous/Pods-Weathous-frameworks.sh\"\n";
			showEnvVarsInLog = 0;
		};
		C25D4058607034E888A9F608 /* [CP] Copy Pods Resources */ = {
			isa = PBXShellScriptBuildPhase;
			buildActionMask = 2147483647;
			files = (
			);
			inputPaths = (
			);
			name = "[CP] Copy Pods Resources";
			outputPaths = (
			);
			runOnlyForDeploymentPostprocessing = 0;
			shellPath = /bin/sh;
			shellScript = "\"${SRCROOT}/Pods/Target Support Files/Pods-Weathous/Pods-Weathous-resources.sh\"\n";
			showEnvVarsInLog = 0;
		};
		D90E9854B1D8172DCEF894DF /* [CP] Check Pods Manifest.lock */ = {
			isa = PBXShellScriptBuildPhase;
			buildActionMask = 2147483647;
			files = (
			);
			inputPaths = (
			);
			name = "[CP] Check Pods Manifest.lock";
			outputPaths = (
			);
			runOnlyForDeploymentPostprocessing = 0;
			shellPath = /bin/sh;
			shellScript = "diff \"${PODS_ROOT}/../Podfile.lock\" \"${PODS_ROOT}/Manifest.lock\" > /dev/null\nif [ $? != 0 ] ; then\n    # print error to STDERR\n    echo \"error: The sandbox is not in sync with the Podfile.lock. Run 'pod install' or update your CocoaPods installation.\" >&2\n    exit 1\nfi\n";
			showEnvVarsInLog = 0;
		};
		FF7AB07783BBCA9A3B08F888 /* [CP] Check Pods Manifest.lock */ = {
			isa = PBXShellScriptBuildPhase;
			buildActionMask = 2147483647;
			files = (
			);
			inputPaths = (
			);
			name = "[CP] Check Pods Manifest.lock";
			outputPaths = (
			);
			runOnlyForDeploymentPostprocessing = 0;
			shellPath = /bin/sh;
			shellScript = "diff \"${PODS_ROOT}/../Podfile.lock\" \"${PODS_ROOT}/Manifest.lock\" > /dev/null\nif [ $? != 0 ] ; then\n    # print error to STDERR\n    echo \"error: The sandbox is not in sync with the Podfile.lock. Run 'pod install' or update your CocoaPods installation.\" >&2\n    exit 1\nfi\n";
			showEnvVarsInLog = 0;
		};
/* End PBXShellScriptBuildPhase section */

/* Begin PBXSourcesBuildPhase section */
		58D6CE8D1E5A1CFD00BF95DD /* Sources */ = {
			isa = PBXSourcesBuildPhase;
			buildActionMask = 2147483647;
			files = (
				58D6CE971E5A1CFE00BF95DD /* MainWeather.swift in Sources */,
				58D6CE951E5A1CFE00BF95DD /* AppDelegate.swift in Sources */,
				5856A7FD1E609BDC008250A6 /* Location.swift in Sources */,
				5856A7FB1E608540008250A6 /* CurrentWeather.swift in Sources */,
				5856A7FF1E60C58E008250A6 /* Forecast.swift in Sources */,
				5856A7F91E6081C5008250A6 /* Constants.swift in Sources */,
				5856A8031E60CB79008250A6 /* WeatherCell.swift in Sources */,
			);
			runOnlyForDeploymentPostprocessing = 0;
		};
		58D6CEA11E5A1CFE00BF95DD /* Sources */ = {
			isa = PBXSourcesBuildPhase;
			buildActionMask = 2147483647;
			files = (
				58D6CEAA1E5A1CFE00BF95DD /* WeathousTests.swift in Sources */,
			);
			runOnlyForDeploymentPostprocessing = 0;
		};
		58D6CEAC1E5A1CFE00BF95DD /* Sources */ = {
			isa = PBXSourcesBuildPhase;
			buildActionMask = 2147483647;
			files = (
				58D6CEB51E5A1CFE00BF95DD /* WeathousUITests.swift in Sources */,
			);
			runOnlyForDeploymentPostprocessing = 0;
		};
/* End PBXSourcesBuildPhase section */

/* Begin PBXTargetDependency section */
		58D6CEA71E5A1CFE00BF95DD /* PBXTargetDependency */ = {
			isa = PBXTargetDependency;
			target = 58D6CE901E5A1CFD00BF95DD /* Weathous */;
			targetProxy = 58D6CEA61E5A1CFE00BF95DD /* PBXContainerItemProxy */;
		};
		58D6CEB21E5A1CFE00BF95DD /* PBXTargetDependency */ = {
			isa = PBXTargetDependency;
			target = 58D6CE901E5A1CFD00BF95DD /* Weathous */;
			targetProxy = 58D6CEB11E5A1CFE00BF95DD /* PBXContainerItemProxy */;
		};
/* End PBXTargetDependency section */

/* Begin PBXVariantGroup section */
		58D6CE981E5A1CFE00BF95DD /* Main.storyboard */ = {
			isa = PBXVariantGroup;
			children = (
				58D6CE991E5A1CFE00BF95DD /* Base */,
			);
			name = Main.storyboard;
			sourceTree = "<group>";
		};
		58D6CE9D1E5A1CFE00BF95DD /* LaunchScreen.storyboard */ = {
			isa = PBXVariantGroup;
			children = (
				58D6CE9E1E5A1CFE00BF95DD /* Base */,
			);
			name = LaunchScreen.storyboard;
			sourceTree = "<group>";
		};
/* End PBXVariantGroup section */

/* Begin XCBuildConfiguration section */
		58D6CEB71E5A1CFE00BF95DD /* Debug */ = {
			isa = XCBuildConfiguration;
			buildSettings = {
				ALWAYS_SEARCH_USER_PATHS = NO;
				CLANG_ANALYZER_NONNULL = YES;
				CLANG_CXX_LANGUAGE_STANDARD = "gnu++0x";
				CLANG_CXX_LIBRARY = "libc++";
				CLANG_ENABLE_MODULES = YES;
				CLANG_ENABLE_OBJC_ARC = YES;
				CLANG_WARN_BOOL_CONVERSION = YES;
				CLANG_WARN_CONSTANT_CONVERSION = YES;
				CLANG_WARN_DIRECT_OBJC_ISA_USAGE = YES_ERROR;
				CLANG_WARN_DOCUMENTATION_COMMENTS = YES;
				CLANG_WARN_EMPTY_BODY = YES;
				CLANG_WARN_ENUM_CONVERSION = YES;
				CLANG_WARN_INFINITE_RECURSION = YES;
				CLANG_WARN_INT_CONVERSION = YES;
				CLANG_WARN_OBJC_ROOT_CLASS = YES_ERROR;
				CLANG_WARN_SUSPICIOUS_MOVE = YES;
				CLANG_WARN_UNREACHABLE_CODE = YES;
				CLANG_WARN__DUPLICATE_METHOD_MATCH = YES;
				"CODE_SIGN_IDENTITY[sdk=iphoneos*]" = "iPhone Developer";
				COPY_PHASE_STRIP = NO;
				DEBUG_INFORMATION_FORMAT = dwarf;
				ENABLE_STRICT_OBJC_MSGSEND = YES;
				ENABLE_TESTABILITY = YES;
				GCC_C_LANGUAGE_STANDARD = gnu99;
				GCC_DYNAMIC_NO_PIC = NO;
				GCC_NO_COMMON_BLOCKS = YES;
				GCC_OPTIMIZATION_LEVEL = 0;
				GCC_PREPROCESSOR_DEFINITIONS = (
					"DEBUG=1",
					"$(inherited)",
				);
				GCC_WARN_64_TO_32_BIT_CONVERSION = YES;
				GCC_WARN_ABOUT_RETURN_TYPE = YES_ERROR;
				GCC_WARN_UNDECLARED_SELECTOR = YES;
				GCC_WARN_UNINITIALIZED_AUTOS = YES_AGGRESSIVE;
				GCC_WARN_UNUSED_FUNCTION = YES;
				GCC_WARN_UNUSED_VARIABLE = YES;
				IPHONEOS_DEPLOYMENT_TARGET = 10.2;
				MTL_ENABLE_DEBUG_INFO = YES;
				ONLY_ACTIVE_ARCH = YES;
				SDKROOT = iphoneos;
				SWIFT_ACTIVE_COMPILATION_CONDITIONS = DEBUG;
				SWIFT_OPTIMIZATION_LEVEL = "-Onone";
			};
			name = Debug;
		};
		58D6CEB81E5A1CFE00BF95DD /* Release */ = {
			isa = XCBuildConfiguration;
			buildSettings = {
				ALWAYS_SEARCH_USER_PATHS = NO;
				CLANG_ANALYZER_NONNULL = YES;
				CLANG_CXX_LANGUAGE_STANDARD = "gnu++0x";
				CLANG_CXX_LIBRARY = "libc++";
				CLANG_ENABLE_MODULES = YES;
				CLANG_ENABLE_OBJC_ARC = YES;
				CLANG_WARN_BOOL_CONVERSION = YES;
				CLANG_WARN_CONSTANT_CONVERSION = YES;
				CLANG_WARN_DIRECT_OBJC_ISA_USAGE = YES_ERROR;
				CLANG_WARN_DOCUMENTATION_COMMENTS = YES;
				CLANG_WARN_EMPTY_BODY = YES;
				CLANG_WARN_ENUM_CONVERSION = YES;
				CLANG_WARN_INFINITE_RECURSION = YES;
				CLANG_WARN_INT_CONVERSION = YES;
				CLANG_WARN_OBJC_ROOT_CLASS = YES_ERROR;
				CLANG_WARN_SUSPICIOUS_MOVE = YES;
				CLANG_WARN_UNREACHABLE_CODE = YES;
				CLANG_WARN__DUPLICATE_METHOD_MATCH = YES;
				"CODE_SIGN_IDENTITY[sdk=iphoneos*]" = "iPhone Developer";
				COPY_PHASE_STRIP = NO;
				DEBUG_INFORMATION_FORMAT = "dwarf-with-dsym";
				ENABLE_NS_ASSERTIONS = NO;
				ENABLE_STRICT_OBJC_MSGSEND = YES;
				GCC_C_LANGUAGE_STANDARD = gnu99;
				GCC_NO_COMMON_BLOCKS = YES;
				GCC_WARN_64_TO_32_BIT_CONVERSION = YES;
				GCC_WARN_ABOUT_RETURN_TYPE = YES_ERROR;
				GCC_WARN_UNDECLARED_SELECTOR = YES;
				GCC_WARN_UNINITIALIZED_AUTOS = YES_AGGRESSIVE;
				GCC_WARN_UNUSED_FUNCTION = YES;
				GCC_WARN_UNUSED_VARIABLE = YES;
				IPHONEOS_DEPLOYMENT_TARGET = 10.2;
				MTL_ENABLE_DEBUG_INFO = NO;
				SDKROOT = iphoneos;
				SWIFT_OPTIMIZATION_LEVEL = "-Owholemodule";
				VALIDATE_PRODUCT = YES;
			};
			name = Release;
		};
		58D6CEBA1E5A1CFE00BF95DD /* Debug */ = {
			isa = XCBuildConfiguration;
			baseConfigurationReference = BBDD097AFD4B9FFC6186CCAE /* Pods-Weathous.debug.xcconfig */;
			buildSettings = {
				ASSETCATALOG_COMPILER_APPICON_NAME = AppIcon;
				DEVELOPMENT_TEAM = W66XK9FLV2;
				INFOPLIST_FILE = Weathous/Info.plist;
				LD_RUNPATH_SEARCH_PATHS = "$(inherited) @executable_path/Frameworks";
				PRODUCT_BUNDLE_IDENTIFIER = com.codewithjallohDev.Weathous;
				PRODUCT_NAME = "$(TARGET_NAME)";
				SWIFT_VERSION = 3.0;
			};
			name = Debug;
		};
		58D6CEBB1E5A1CFE00BF95DD /* Release */ = {
			isa = XCBuildConfiguration;
			baseConfigurationReference = 45B4CE4E7E4C0273DF44D788 /* Pods-Weathous.release.xcconfig */;
			buildSettings = {
				ASSETCATALOG_COMPILER_APPICON_NAME = AppIcon;
				DEVELOPMENT_TEAM = W66XK9FLV2;
				INFOPLIST_FILE = Weathous/Info.plist;
				LD_RUNPATH_SEARCH_PATHS = "$(inherited) @executable_path/Frameworks";
				PRODUCT_BUNDLE_IDENTIFIER = com.codewithjallohDev.Weathous;
				PRODUCT_NAME = "$(TARGET_NAME)";
				SWIFT_VERSION = 3.0;
			};
			name = Release;
		};
		58D6CEBD1E5A1CFE00BF95DD /* Debug */ = {
			isa = XCBuildConfiguration;
			baseConfigurationReference = A534B20B414920E741BE5136 /* Pods-Weathous-WeathousTests.debug.xcconfig */;
			buildSettings = {
				ALWAYS_EMBED_SWIFT_STANDARD_LIBRARIES = YES;
				BUNDLE_LOADER = "$(TEST_HOST)";
				DEVELOPMENT_TEAM = W66XK9FLV2;
				INFOPLIST_FILE = WeathousTests/Info.plist;
				LD_RUNPATH_SEARCH_PATHS = "$(inherited) @executable_path/Frameworks @loader_path/Frameworks";
				PRODUCT_BUNDLE_IDENTIFIER = com.codewithjallohDev.WeathousTests;
				PRODUCT_NAME = "$(TARGET_NAME)";
				SWIFT_VERSION = 3.0;
				TEST_HOST = "$(BUILT_PRODUCTS_DIR)/Weathous.app/Weathous";
			};
			name = Debug;
		};
		58D6CEBE1E5A1CFE00BF95DD /* Release */ = {
			isa = XCBuildConfiguration;
			baseConfigurationReference = AB86F3EA85C91370960DA2A0 /* Pods-Weathous-WeathousTests.release.xcconfig */;
			buildSettings = {
				ALWAYS_EMBED_SWIFT_STANDARD_LIBRARIES = YES;
				BUNDLE_LOADER = "$(TEST_HOST)";
				DEVELOPMENT_TEAM = W66XK9FLV2;
				INFOPLIST_FILE = WeathousTests/Info.plist;
				LD_RUNPATH_SEARCH_PATHS = "$(inherited) @executable_path/Frameworks @loader_path/Frameworks";
				PRODUCT_BUNDLE_IDENTIFIER = com.codewithjallohDev.WeathousTests;
				PRODUCT_NAME = "$(TARGET_NAME)";
				SWIFT_VERSION = 3.0;
				TEST_HOST = "$(BUILT_PRODUCTS_DIR)/Weathous.app/Weathous";
			};
			name = Release;
		};
		58D6CEC01E5A1CFE00BF95DD /* Debug */ = {
			isa = XCBuildConfiguration;
			baseConfigurationReference = 8E639E3CA7C5177C130ADB4B /* Pods-Weathous-WeathousUITests.debug.xcconfig */;
			buildSettings = {
				ALWAYS_EMBED_SWIFT_STANDARD_LIBRARIES = YES;
				DEVELOPMENT_TEAM = W66XK9FLV2;
				INFOPLIST_FILE = WeathousUITests/Info.plist;
				LD_RUNPATH_SEARCH_PATHS = "$(inherited) @executable_path/Frameworks @loader_path/Frameworks";
				PRODUCT_BUNDLE_IDENTIFIER = com.codewithjallohDev.WeathousUITests;
				PRODUCT_NAME = "$(TARGET_NAME)";
				SWIFT_VERSION = 3.0;
				TEST_TARGET_NAME = Weathous;
			};
			name = Debug;
		};
		58D6CEC11E5A1CFE00BF95DD /* Release */ = {
			isa = XCBuildConfiguration;
			baseConfigurationReference = 108FE8164784880E0D1A3466 /* Pods-Weathous-WeathousUITests.release.xcconfig */;
			buildSettings = {
				ALWAYS_EMBED_SWIFT_STANDARD_LIBRARIES = YES;
				DEVELOPMENT_TEAM = W66XK9FLV2;
				INFOPLIST_FILE = WeathousUITests/Info.plist;
				LD_RUNPATH_SEARCH_PATHS = "$(inherited) @executable_path/Frameworks @loader_path/Frameworks";
				PRODUCT_BUNDLE_IDENTIFIER = com.codewithjallohDev.WeathousUITests;
				PRODUCT_NAME = "$(TARGET_NAME)";
				SWIFT_VERSION = 3.0;
				TEST_TARGET_NAME = Weathous;
			};
			name = Release;
		};
/* End XCBuildConfiguration section */

/* Begin XCConfigurationList section */
		58D6CE8C1E5A1CFD00BF95DD /* Build configuration list for PBXProject "Weathous" */ = {
			isa = XCConfigurationList;
			buildConfigurations = (
				58D6CEB71E5A1CFE00BF95DD /* Debug */,
				58D6CEB81E5A1CFE00BF95DD /* Release */,
			);
			defaultConfigurationIsVisible = 0;
			defaultConfigurationName = Release;
		};
		58D6CEB91E5A1CFE00BF95DD /* Build configuration list for PBXNativeTarget "Weathous" */ = {
			isa = XCConfigurationList;
			buildConfigurations = (
				58D6CEBA1E5A1CFE00BF95DD /* Debug */,
				58D6CEBB1E5A1CFE00BF95DD /* Release */,
			);
			defaultConfigurationIsVisible = 0;
			defaultConfigurationName = Release;
		};
		58D6CEBC1E5A1CFE00BF95DD /* Build configuration list for PBXNativeTarget "WeathousTests" */ = {
			isa = XCConfigurationList;
			buildConfigurations = (
				58D6CEBD1E5A1CFE00BF95DD /* Debug */,
				58D6CEBE1E5A1CFE00BF95DD /* Release */,
			);
			defaultConfigurationIsVisible = 0;
			defaultConfigurationName = Release;
		};
		58D6CEBF1E5A1CFE00BF95DD /* Build configuration list for PBXNativeTarget "WeathousUITests" */ = {
			isa = XCConfigurationList;
			buildConfigurations = (
				58D6CEC01E5A1CFE00BF95DD /* Debug */,
				58D6CEC11E5A1CFE00BF95DD /* Release */,
			);
			defaultConfigurationIsVisible = 0;
			defaultConfigurationName = Release;
		};
/* End XCConfigurationList section */
	};
	rootObject = 58D6CE891E5A1CFD00BF95DD /* Project object */;
}
